// !$*UTF8*$!
{
	archiveVersion = 1;
	classes = {
	};
	objectVersion = 46;
	objects = {

/* Begin PBXBuildFile section */
		950EC0501D73CCD700EDF2AC /* CoreData.framework in Frameworks */ = {isa = PBXBuildFile; fileRef = 950EC04F1D73CCD700EDF2AC /* CoreData.framework */; };
		950EC0761D75047E00EDF2AC /* NSDateExtension.swift in Sources */ = {isa = PBXBuildFile; fileRef = 950EC0751D75047E00EDF2AC /* NSDateExtension.swift */; };
		9544A2C41D6E792900BF0876 /* AppDelegate.swift in Sources */ = {isa = PBXBuildFile; fileRef = 9544A2C31D6E792900BF0876 /* AppDelegate.swift */; };
		9544A2C91D6E792900BF0876 /* Main.storyboard in Resources */ = {isa = PBXBuildFile; fileRef = 9544A2C71D6E792900BF0876 /* Main.storyboard */; };
		9544A2CB1D6E792900BF0876 /* Assets.xcassets in Resources */ = {isa = PBXBuildFile; fileRef = 9544A2CA1D6E792900BF0876 /* Assets.xcassets */; };
		9544A2CE1D6E792900BF0876 /* LaunchScreen.storyboard in Resources */ = {isa = PBXBuildFile; fileRef = 9544A2CC1D6E792900BF0876 /* LaunchScreen.storyboard */; };
		9544A2D61D6E7AAE00BF0876 /* ScannerViewController.swift in Sources */ = {isa = PBXBuildFile; fileRef = 9544A2D51D6E7AAE00BF0876 /* ScannerViewController.swift */; };
		9544A2D81D6E81D600BF0876 /* HomeViewController.swift in Sources */ = {isa = PBXBuildFile; fileRef = 9544A2D71D6E81D600BF0876 /* HomeViewController.swift */; };
		9544A2DA1D6F64B100BF0876 /* RSCode39Generator.swift in Sources */ = {isa = PBXBuildFile; fileRef = 9544A2D91D6F64B100BF0876 /* RSCode39Generator.swift */; };
		9544A2DC1D6F656300BF0876 /* RSCodeGenerator.swift in Sources */ = {isa = PBXBuildFile; fileRef = 9544A2DB1D6F656300BF0876 /* RSCodeGenerator.swift */; };
		9544A2DE1D6F696900BF0876 /* StringExtension.swift in Sources */ = {isa = PBXBuildFile; fileRef = 9544A2DD1D6F696900BF0876 /* StringExtension.swift */; };
		95DD9A7B1D710C0A00715C79 /* APIRouter.swift in Sources */ = {isa = PBXBuildFile; fileRef = 95DD9A7A1D710C0A00715C79 /* APIRouter.swift */; };
		95DD9A7D1D710DF900715C79 /* Game.swift in Sources */ = {isa = PBXBuildFile; fileRef = 95DD9A7C1D710DF900715C79 /* Game.swift */; };
		95DD9A7F1D710E7600715C79 /* Schedule.swift in Sources */ = {isa = PBXBuildFile; fileRef = 95DD9A7E1D710E7600715C79 /* Schedule.swift */; };
		95DD9A811D71160E00715C79 /* ScheduleViewController.swift in Sources */ = {isa = PBXBuildFile; fileRef = 95DD9A801D71160E00715C79 /* ScheduleViewController.swift */; };
		95DD9A851D7117A500715C79 /* ScheduledGameViewController.swift in Sources */ = {isa = PBXBuildFile; fileRef = 95DD9A841D7117A500715C79 /* ScheduledGameViewController.swift */; };
		AEF6F0A0CC7D60DF97ABFFBE /* Pods_The_ROC.framework in Frameworks */ = {isa = PBXBuildFile; fileRef = 3F9523BAE5ADC31A0A03932A /* Pods_The_ROC.framework */; };
/* End PBXBuildFile section */

/* Begin PBXFileReference section */
		2BA1FD329F04D59049C372BE /* Pods-The ROC.release.xcconfig */ = {isa = PBXFileReference; includeInIndex = 1; lastKnownFileType = text.xcconfig; name = "Pods-The ROC.release.xcconfig"; path = "Pods/Target Support Files/Pods-The ROC/Pods-The ROC.release.xcconfig"; sourceTree = "<group>"; };
		3F9523BAE5ADC31A0A03932A /* Pods_The_ROC.framework */ = {isa = PBXFileReference; explicitFileType = wrapper.framework; includeInIndex = 0; path = Pods_The_ROC.framework; sourceTree = BUILT_PRODUCTS_DIR; };
		950EC04F1D73CCD700EDF2AC /* CoreData.framework */ = {isa = PBXFileReference; lastKnownFileType = wrapper.framework; name = CoreData.framework; path = System/Library/Frameworks/CoreData.framework; sourceTree = SDKROOT; };
		950EC0751D75047E00EDF2AC /* NSDateExtension.swift */ = {isa = PBXFileReference; fileEncoding = 4; lastKnownFileType = sourcecode.swift; path = NSDateExtension.swift; sourceTree = "<group>"; };
		9544A2C01D6E792900BF0876 /* The ROC.app */ = {isa = PBXFileReference; explicitFileType = wrapper.application; includeInIndex = 0; path = "The ROC.app"; sourceTree = BUILT_PRODUCTS_DIR; };
		9544A2C31D6E792900BF0876 /* AppDelegate.swift */ = {isa = PBXFileReference; lastKnownFileType = sourcecode.swift; path = AppDelegate.swift; sourceTree = "<group>"; };
		9544A2C81D6E792900BF0876 /* Base */ = {isa = PBXFileReference; lastKnownFileType = file.storyboard; name = Base; path = Base.lproj/Main.storyboard; sourceTree = "<group>"; };
		9544A2CA1D6E792900BF0876 /* Assets.xcassets */ = {isa = PBXFileReference; lastKnownFileType = folder.assetcatalog; path = Assets.xcassets; sourceTree = "<group>"; };
		9544A2CD1D6E792900BF0876 /* Base */ = {isa = PBXFileReference; lastKnownFileType = file.storyboard; name = Base; path = Base.lproj/LaunchScreen.storyboard; sourceTree = "<group>"; };
		9544A2CF1D6E792900BF0876 /* Info.plist */ = {isa = PBXFileReference; lastKnownFileType = text.plist.xml; path = Info.plist; sourceTree = "<group>"; };
		9544A2D51D6E7AAE00BF0876 /* ScannerViewController.swift */ = {isa = PBXFileReference; fileEncoding = 4; lastKnownFileType = sourcecode.swift; path = ScannerViewController.swift; sourceTree = "<group>"; };
		9544A2D71D6E81D600BF0876 /* HomeViewController.swift */ = {isa = PBXFileReference; fileEncoding = 4; lastKnownFileType = sourcecode.swift; path = HomeViewController.swift; sourceTree = "<group>"; };
		9544A2D91D6F64B100BF0876 /* RSCode39Generator.swift */ = {isa = PBXFileReference; fileEncoding = 4; lastKnownFileType = sourcecode.swift; path = RSCode39Generator.swift; sourceTree = "<group>"; };
		9544A2DB1D6F656300BF0876 /* RSCodeGenerator.swift */ = {isa = PBXFileReference; fileEncoding = 4; lastKnownFileType = sourcecode.swift; path = RSCodeGenerator.swift; sourceTree = "<group>"; };
		9544A2DD1D6F696900BF0876 /* StringExtension.swift */ = {isa = PBXFileReference; fileEncoding = 4; lastKnownFileType = sourcecode.swift; path = StringExtension.swift; sourceTree = "<group>"; };
		95DD9A7A1D710C0A00715C79 /* APIRouter.swift */ = {isa = PBXFileReference; fileEncoding = 4; lastKnownFileType = sourcecode.swift; path = APIRouter.swift; sourceTree = "<group>"; };
		95DD9A7C1D710DF900715C79 /* Game.swift */ = {isa = PBXFileReference; fileEncoding = 4; lastKnownFileType = sourcecode.swift; path = Game.swift; sourceTree = "<group>"; };
		95DD9A7E1D710E7600715C79 /* Schedule.swift */ = {isa = PBXFileReference; fileEncoding = 4; lastKnownFileType = sourcecode.swift; path = Schedule.swift; sourceTree = "<group>"; };
		95DD9A801D71160E00715C79 /* ScheduleViewController.swift */ = {isa = PBXFileReference; fileEncoding = 4; lastKnownFileType = sourcecode.swift; path = ScheduleViewController.swift; sourceTree = "<group>"; };
		95DD9A841D7117A500715C79 /* ScheduledGameViewController.swift */ = {isa = PBXFileReference; fileEncoding = 4; lastKnownFileType = sourcecode.swift; path = ScheduledGameViewController.swift; sourceTree = "<group>"; };
		BB94DFCEF61CE7E37191A8F7 /* Pods-The ROC.debug.xcconfig */ = {isa = PBXFileReference; includeInIndex = 1; lastKnownFileType = text.xcconfig; name = "Pods-The ROC.debug.xcconfig"; path = "Pods/Target Support Files/Pods-The ROC/Pods-The ROC.debug.xcconfig"; sourceTree = "<group>"; };
/* End PBXFileReference section */

/* Begin PBXFrameworksBuildPhase section */
		9544A2BD1D6E792900BF0876 /* Frameworks */ = {
			isa = PBXFrameworksBuildPhase;
			buildActionMask = 2147483647;
			files = (
				950EC0501D73CCD700EDF2AC /* CoreData.framework in Frameworks */,
				AEF6F0A0CC7D60DF97ABFFBE /* Pods_The_ROC.framework in Frameworks */,
			);
			runOnlyForDeploymentPostprocessing = 0;
		};
/* End PBXFrameworksBuildPhase section */

/* Begin PBXGroup section */
		4BF2A2D8ECABB3B4395E2366 /* Pods */ = {
			isa = PBXGroup;
			children = (
				BB94DFCEF61CE7E37191A8F7 /* Pods-The ROC.debug.xcconfig */,
				2BA1FD329F04D59049C372BE /* Pods-The ROC.release.xcconfig */,
			);
			name = Pods;
			sourceTree = "<group>";
		};
		9544A2B71D6E792900BF0876 = {
			isa = PBXGroup;
			children = (
				9544A2C21D6E792900BF0876 /* The ROC */,
				9544A2C11D6E792900BF0876 /* Products */,
				4BF2A2D8ECABB3B4395E2366 /* Pods */,
				AC5E7C98CB88E0BD3FC48473 /* Frameworks */,
			);
			sourceTree = "<group>";
		};
		9544A2C11D6E792900BF0876 /* Products */ = {
			isa = PBXGroup;
			children = (
				9544A2C01D6E792900BF0876 /* The ROC.app */,
			);
			name = Products;
			sourceTree = "<group>";
		};
		9544A2C21D6E792900BF0876 /* The ROC */ = {
			isa = PBXGroup;
			children = (
				95DD9A761D710B7E00715C79 /* Model */,
				95DD9A771D710B8400715C79 /* View */,
				95DD9A781D710B8900715C79 /* Controller */,
				95DD9A791D710BCA00715C79 /* Library */,
				9544A2CA1D6E792900BF0876 /* Assets.xcassets */,
				9544A2CF1D6E792900BF0876 /* Info.plist */,
			);
			path = "The ROC";
			sourceTree = "<group>";
		};
		95DD9A761D710B7E00715C79 /* Model */ = {
			isa = PBXGroup;
			children = (
				95DD9A7C1D710DF900715C79 /* Game.swift */,
				95DD9A7E1D710E7600715C79 /* Schedule.swift */,
			);
			name = Model;
			sourceTree = "<group>";
		};
		95DD9A771D710B8400715C79 /* View */ = {
			isa = PBXGroup;
			children = (
				9544A2C71D6E792900BF0876 /* Main.storyboard */,
				9544A2CC1D6E792900BF0876 /* LaunchScreen.storyboard */,
			);
			name = View;
			sourceTree = "<group>";
		};
		95DD9A781D710B8900715C79 /* Controller */ = {
			isa = PBXGroup;
			children = (
				9544A2C31D6E792900BF0876 /* AppDelegate.swift */,
				9544A2D51D6E7AAE00BF0876 /* ScannerViewController.swift */,
				9544A2D71D6E81D600BF0876 /* HomeViewController.swift */,
				95DD9A7A1D710C0A00715C79 /* APIRouter.swift */,
				95DD9A801D71160E00715C79 /* ScheduleViewController.swift */,
				95DD9A841D7117A500715C79 /* ScheduledGameViewController.swift */,
			);
			name = Controller;
			sourceTree = "<group>";
		};
		95DD9A791D710BCA00715C79 /* Library */ = {
			isa = PBXGroup;
			children = (
				9544A2D91D6F64B100BF0876 /* RSCode39Generator.swift */,
				9544A2DB1D6F656300BF0876 /* RSCodeGenerator.swift */,
				9544A2DD1D6F696900BF0876 /* StringExtension.swift */,
				950EC0751D75047E00EDF2AC /* NSDateExtension.swift */,
			);
			name = Library;
			sourceTree = "<group>";
		};
		AC5E7C98CB88E0BD3FC48473 /* Frameworks */ = {
			isa = PBXGroup;
			children = (
				950EC04F1D73CCD700EDF2AC /* CoreData.framework */,
				3F9523BAE5ADC31A0A03932A /* Pods_The_ROC.framework */,
			);
			name = Frameworks;
			sourceTree = "<group>";
		};
/* End PBXGroup section */

/* Begin PBXNativeTarget section */
		9544A2BF1D6E792900BF0876 /* The ROC */ = {
			isa = PBXNativeTarget;
			buildConfigurationList = 9544A2D21D6E792900BF0876 /* Build configuration list for PBXNativeTarget "The ROC" */;
			buildPhases = (
				77C26AC7FC17D0E62DEAC891 /* Check Pods Manifest.lock */,
				9544A2BC1D6E792900BF0876 /* Sources */,
				9544A2BD1D6E792900BF0876 /* Frameworks */,
				9544A2BE1D6E792900BF0876 /* Resources */,
				DCC0E730DEB56E38897E6805 /* Embed Pods Frameworks */,
				F3F4803C2043E5009AC36AFD /* Copy Pods Resources */,
			);
			buildRules = (
			);
			dependencies = (
			);
			name = "The ROC";
			productName = "The ROC";
			productReference = 9544A2C01D6E792900BF0876 /* The ROC.app */;
			productType = "com.apple.product-type.application";
		};
/* End PBXNativeTarget section */

/* Begin PBXProject section */
		9544A2B81D6E792900BF0876 /* Project object */ = {
			isa = PBXProject;
			attributes = {
				LastSwiftUpdateCheck = 0730;
				LastUpgradeCheck = 0730;
				ORGANIZATIONNAME = "Dennis Beatty";
				TargetAttributes = {
					9544A2BF1D6E792900BF0876 = {
						CreatedOnToolsVersion = 7.3.1;
						DevelopmentTeam = QQWWMCLZJZ;
					};
				};
			};
			buildConfigurationList = 9544A2BB1D6E792900BF0876 /* Build configuration list for PBXProject "The ROC" */;
			compatibilityVersion = "Xcode 3.2";
			developmentRegion = English;
			hasScannedForEncodings = 0;
			knownRegions = (
				en,
				Base,
			);
			mainGroup = 9544A2B71D6E792900BF0876;
			productRefGroup = 9544A2C11D6E792900BF0876 /* Products */;
			projectDirPath = "";
			projectRoot = "";
			targets = (
				9544A2BF1D6E792900BF0876 /* The ROC */,
			);
		};
/* End PBXProject section */

/* Begin PBXResourcesBuildPhase section */
		9544A2BE1D6E792900BF0876 /* Resources */ = {
			isa = PBXResourcesBuildPhase;
			buildActionMask = 2147483647;
			files = (
				9544A2CE1D6E792900BF0876 /* LaunchScreen.storyboard in Resources */,
				9544A2CB1D6E792900BF0876 /* Assets.xcassets in Resources */,
				9544A2C91D6E792900BF0876 /* Main.storyboard in Resources */,
			);
			runOnlyForDeploymentPostprocessing = 0;
		};
/* End PBXResourcesBuildPhase section */

/* Begin PBXShellScriptBuildPhase section */
		77C26AC7FC17D0E62DEAC891 /* Check Pods Manifest.lock */ = {
			isa = PBXShellScriptBuildPhase;
			buildActionMask = 2147483647;
			files = (
			);
			inputPaths = (
			);
			name = "Check Pods Manifest.lock";
			outputPaths = (
			);
			runOnlyForDeploymentPostprocessing = 0;
			shellPath = /bin/sh;
			shellScript = "diff \"${PODS_ROOT}/../Podfile.lock\" \"${PODS_ROOT}/Manifest.lock\" > /dev/null\nif [[ $? != 0 ]] ; then\n    cat << EOM\nerror: The sandbox is not in sync with the Podfile.lock. Run 'pod install' or update your CocoaPods installation.\nEOM\n    exit 1\nfi\n";
			showEnvVarsInLog = 0;
		};
		DCC0E730DEB56E38897E6805 /* Embed Pods Frameworks */ = {
			isa = PBXShellScriptBuildPhase;
			buildActionMask = 2147483647;
			files = (
			);
			inputPaths = (
			);
			name = "Embed Pods Frameworks";
			outputPaths = (
			);
			runOnlyForDeploymentPostprocessing = 0;
			shellPath = /bin/sh;
			shellScript = "\"${SRCROOT}/Pods/Target Support Files/Pods-The ROC/Pods-The ROC-frameworks.sh\"\n";
			showEnvVarsInLog = 0;
		};
		F3F4803C2043E5009AC36AFD /* Copy Pods Resources */ = {
			isa = PBXShellScriptBuildPhase;
			buildActionMask = 2147483647;
			files = (
			);
			inputPaths = (
			);
			name = "Copy Pods Resources";
			outputPaths = (
			);
			runOnlyForDeploymentPostprocessing = 0;
			shellPath = /bin/sh;
			shellScript = "\"${SRCROOT}/Pods/Target Support Files/Pods-The ROC/Pods-The ROC-resources.sh\"\n";
			showEnvVarsInLog = 0;
		};
/* End PBXShellScriptBuildPhase section */

/* Begin PBXSourcesBuildPhase section */
		9544A2BC1D6E792900BF0876 /* Sources */ = {
			isa = PBXSourcesBuildPhase;
			buildActionMask = 2147483647;
			files = (
				95DD9A851D7117A500715C79 /* ScheduledGameViewController.swift in Sources */,
				95DD9A7B1D710C0A00715C79 /* APIRouter.swift in Sources */,
				9544A2D61D6E7AAE00BF0876 /* ScannerViewController.swift in Sources */,
				9544A2DC1D6F656300BF0876 /* RSCodeGenerator.swift in Sources */,
				95DD9A7F1D710E7600715C79 /* Schedule.swift in Sources */,
				95DD9A7D1D710DF900715C79 /* Game.swift in Sources */,
				95DD9A811D71160E00715C79 /* ScheduleViewController.swift in Sources */,
				9544A2DE1D6F696900BF0876 /* StringExtension.swift in Sources */,
				9544A2DA1D6F64B100BF0876 /* RSCode39Generator.swift in Sources */,
				950EC0761D75047E00EDF2AC /* NSDateExtension.swift in Sources */,
				9544A2C41D6E792900BF0876 /* AppDelegate.swift in Sources */,
				9544A2D81D6E81D600BF0876 /* HomeViewController.swift in Sources */,
			);
			runOnlyForDeploymentPostprocessing = 0;
		};
/* End PBXSourcesBuildPhase section */

/* Begin PBXVariantGroup section */
		9544A2C71D6E792900BF0876 /* Main.storyboard */ = {
			isa = PBXVariantGroup;
			children = (
				9544A2C81D6E792900BF0876 /* Base */,
			);
			name = Main.storyboard;
			sourceTree = "<group>";
		};
		9544A2CC1D6E792900BF0876 /* LaunchScreen.storyboard */ = {
			isa = PBXVariantGroup;
			children = (
				9544A2CD1D6E792900BF0876 /* Base */,
			);
			name = LaunchScreen.storyboard;
			sourceTree = "<group>";
		};
/* End PBXVariantGroup section */

/* Begin XCBuildConfiguration section */
		9544A2D01D6E792900BF0876 /* Debug */ = {
			isa = XCBuildConfiguration;
			buildSettings = {
				ALWAYS_SEARCH_USER_PATHS = NO;
				CLANG_ANALYZER_NONNULL = YES;
				CLANG_CXX_LANGUAGE_STANDARD = "gnu++0x";
				CLANG_CXX_LIBRARY = "libc++";
				CLANG_ENABLE_MODULES = YES;
				CLANG_ENABLE_OBJC_ARC = YES;
				CLANG_WARN_BOOL_CONVERSION = YES;
				CLANG_WARN_CONSTANT_CONVERSION = YES;
				CLANG_WARN_DIRECT_OBJC_ISA_USAGE = YES_ERROR;
				CLANG_WARN_EMPTY_BODY = YES;
				CLANG_WARN_ENUM_CONVERSION = YES;
				CLANG_WARN_INT_CONVERSION = YES;
				CLANG_WARN_OBJC_ROOT_CLASS = YES_ERROR;
				CLANG_WARN_UNREACHABLE_CODE = YES;
				CLANG_WARN__DUPLICATE_METHOD_MATCH = YES;
				"CODE_SIGN_IDENTITY[sdk=iphoneos*]" = "iPhone Developer";
				COPY_PHASE_STRIP = NO;
				DEBUG_INFORMATION_FORMAT = dwarf;
				ENABLE_STRICT_OBJC_MSGSEND = YES;
				ENABLE_TESTABILITY = YES;
				GCC_C_LANGUAGE_STANDARD = gnu99;
				GCC_DYNAMIC_NO_PIC = NO;
				GCC_NO_COMMON_BLOCKS = YES;
				GCC_OPTIMIZATION_LEVEL = 0;
				GCC_PREPROCESSOR_DEFINITIONS = (
					"DEBUG=1",
					"$(inherited)",
				);
				GCC_WARN_64_TO_32_BIT_CONVERSION = YES;
				GCC_WARN_ABOUT_RETURN_TYPE = YES_ERROR;
				GCC_WARN_UNDECLARED_SELECTOR = YES;
				GCC_WARN_UNINITIALIZED_AUTOS = YES_AGGRESSIVE;
				GCC_WARN_UNUSED_FUNCTION = YES;
				GCC_WARN_UNUSED_VARIABLE = YES;
				IPHONEOS_DEPLOYMENT_TARGET = 9.3;
				MTL_ENABLE_DEBUG_INFO = YES;
				ONLY_ACTIVE_ARCH = YES;
				SDKROOT = iphoneos;
				SWIFT_OPTIMIZATION_LEVEL = "-Onone";
			};
			name = Debug;
		};
		9544A2D11D6E792900BF0876 /* Release */ = {
			isa = XCBuildConfiguration;
			buildSettings = {
				ALWAYS_SEARCH_USER_PATHS = NO;
				CLANG_ANALYZER_NONNULL = YES;
				CLANG_CXX_LANGUAGE_STANDARD = "gnu++0x";
				CLANG_CXX_LIBRARY = "libc++";
				CLANG_ENABLE_MODULES = YES;
				CLANG_ENABLE_OBJC_ARC = YES;
				CLANG_WARN_BOOL_CONVERSION = YES;
				CLANG_WARN_CONSTANT_CONVERSION = YES;
				CLANG_WARN_DIRECT_OBJC_ISA_USAGE = YES_ERROR;
				CLANG_WARN_EMPTY_BODY = YES;
				CLANG_WARN_ENUM_CONVERSION = YES;
				CLANG_WARN_INT_CONVERSION = YES;
				CLANG_WARN_OBJC_ROOT_CLASS = YES_ERROR;
				CLANG_WARN_UNREACHABLE_CODE = YES;
				CLANG_WARN__DUPLICATE_METHOD_MATCH = YES;
				"CODE_SIGN_IDENTITY[sdk=iphoneos*]" = "iPhone Developer";
				COPY_PHASE_STRIP = NO;
				DEBUG_INFORMATION_FORMAT = "dwarf-with-dsym";
				ENABLE_NS_ASSERTIONS = NO;
				ENABLE_STRICT_OBJC_MSGSEND = YES;
				GCC_C_LANGUAGE_STANDARD = gnu99;
				GCC_NO_COMMON_BLOCKS = YES;
				GCC_WARN_64_TO_32_BIT_CONVERSION = YES;
				GCC_WARN_ABOUT_RETURN_TYPE = YES_ERROR;
				GCC_WARN_UNDECLARED_SELECTOR = YES;
				GCC_WARN_UNINITIALIZED_AUTOS = YES_AGGRESSIVE;
				GCC_WARN_UNUSED_FUNCTION = YES;
				GCC_WARN_UNUSED_VARIABLE = YES;
				IPHONEOS_DEPLOYMENT_TARGET = 9.3;
				MTL_ENABLE_DEBUG_INFO = NO;
				SDKROOT = iphoneos;
				VALIDATE_PRODUCT = YES;
			};
			name = Release;
		};
		9544A2D31D6E792900BF0876 /* Debug */ = {
			isa = XCBuildConfiguration;
			baseConfigurationReference = BB94DFCEF61CE7E37191A8F7 /* Pods-The ROC.debug.xcconfig */;
			buildSettings = {
				ASSETCATALOG_COMPILER_APPICON_NAME = AppIcon;
				INFOPLIST_FILE = "The ROC/Info.plist";
				IPHONEOS_DEPLOYMENT_TARGET = 9.0;
				LD_RUNPATH_SEARCH_PATHS = "$(inherited) @executable_path/Frameworks";
				PRODUCT_BUNDLE_IDENTIFIER = "com.dennisbeatty.The-ROC";
				PRODUCT_NAME = "$(TARGET_NAME)";
			};
			name = Debug;
		};
		9544A2D41D6E792900BF0876 /* Release */ = {
			isa = XCBuildConfiguration;
			baseConfigurationReference = 2BA1FD329F04D59049C372BE /* Pods-The ROC.release.xcconfig */;
			buildSettings = {
				ASSETCATALOG_COMPILER_APPICON_NAME = AppIcon;
				INFOPLIST_FILE = "The ROC/Info.plist";
				IPHONEOS_DEPLOYMENT_TARGET = 9.0;
				LD_RUNPATH_SEARCH_PATHS = "$(inherited) @executable_path/Frameworks";
				PRODUCT_BUNDLE_IDENTIFIER = "com.dennisbeatty.The-ROC";
				PRODUCT_NAME = "$(TARGET_NAME)";
			};
			name = Release;
		};
/* End XCBuildConfiguration section */

/* Begin XCConfigurationList section */
		9544A2BB1D6E792900BF0876 /* Build configuration list for PBXProject "The ROC" */ = {
			isa = XCConfigurationList;
			buildConfigurations = (
				9544A2D01D6E792900BF0876 /* Debug */,
				9544A2D11D6E792900BF0876 /* Release */,
			);
			defaultConfigurationIsVisible = 0;
			defaultConfigurationName = Release;
		};
		9544A2D21D6E792900BF0876 /* Build configuration list for PBXNativeTarget "The ROC" */ = {
			isa = XCConfigurationList;
			buildConfigurations = (
				9544A2D31D6E792900BF0876 /* Debug */,
				9544A2D41D6E792900BF0876 /* Release */,
			);
			defaultConfigurationIsVisible = 0;
			defaultConfigurationName = Release;
		};
/* End XCConfigurationList section */
	};
	rootObject = 9544A2B81D6E792900BF0876 /* Project object */;
}
